
Microsoft Visual Studio Solution File, Format Version 12.00
# Visual Studio 15
VisualStudioVersion = 15.0.28307.705
MinimumVisualStudioVersion = 10.0.40219.1
Project("{F2A71F9B-5D33-465A-A702-920D77279786}") = "Functour.Types", "src\Functour.Types\Functour.Types.fsproj", "{4E2E605A-A205-43D3-9E9A-78A65539AFFF}"
EndProject
Global
	GlobalSection(SolutionConfigurationPlatforms) = preSolution
		Debug|Any CPU = Debug|Any CPU
		Release|Any CPU = Release|Any CPU
	EndGlobalSection
	GlobalSection(ProjectConfigurationPlatforms) = postSolution
		{4E2E605A-A205-43D3-9E9A-78A65539AFFF}.Debug|Any CPU.ActiveCfg = Debug|Any CPU
		{4E2E605A-A205-43D3-9E9A-78A65539AFFF}.Debug|Any CPU.Build.0 = Debug|Any CPU
		{4E2E605A-A205-43D3-9E9A-78A65539AFFF}.Release|Any CPU.ActiveCfg = Release|Any CPU
		{4E2E605A-A205-43D3-9E9A-78A65539AFFF}.Release|Any CPU.Build.0 = Release|Any CPU
	EndGlobalSection
	GlobalSection(SolutionProperties) = preSolution
		HideSolutionNode = FALSE
	EndGlobalSection
	GlobalSection(ExtensibilityGlobals) = postSolution
		SolutionGuid = {EF0AB9D6-C1A7-4833-88D2-F5E6A968E369}
	EndGlobalSection
EndGlobal
